
Microsoft Visual Studio Solution File, Format Version 12.00
# Visual Studio Version 16
VisualStudioVersion = 16.0.30621.155
MinimumVisualStudioVersion = 10.0.40219.1
Project("{FAE04EC0-301F-11D3-BF4B-00C04F79EFBC}") = "Intento1", "Intento1.csproj", "{D44A10A0-7905-4FE9-BC2A-24BDC05AD5DE}"
EndProject
Global
	GlobalSection(SolutionConfigurationPlatforms) = preSolution
		Debug|Any CPU = Debug|Any CPU
		Release|Any CPU = Release|Any CPU
	EndGlobalSection
	GlobalSection(ProjectConfigurationPlatforms) = postSolution
		{D44A10A0-7905-4FE9-BC2A-24BDC05AD5DE}.Debug|Any CPU.ActiveCfg = Debug|Any CPU
		{D44A10A0-7905-4FE9-BC2A-24BDC05AD5DE}.Debug|Any CPU.Build.0 = Debug|Any CPU
		{D44A10A0-7905-4FE9-BC2A-24BDC05AD5DE}.Release|Any CPU.ActiveCfg = Release|Any CPU
		{D44A10A0-7905-4FE9-BC2A-24BDC05AD5DE}.Release|Any CPU.Build.0 = Release|Any CPU
	EndGlobalSection
	GlobalSection(SolutionProperties) = preSolution
		HideSolutionNode = FALSE
	EndGlobalSection
	GlobalSection(ExtensibilityGlobals) = postSolution
		SolutionGuid = {46C5A714-0AC9-4D00-B8C3-35962E3941F0}
	EndGlobalSection
EndGlobal
